
Microsoft Visual Studio Solution File, Format Version 12.00
# Visual Studio Version 17
VisualStudioVersion = 17.1.32210.238
MinimumVisualStudioVersion = 10.0.40219.1
Project("{FAE04EC0-301F-11D3-BF4B-00C04F79EFBC}") = "Delegate", "Delegate\Delegate.csproj", "{AD53FCD4-836C-428D-8722-908CB6B88F9F}"
EndProject
Global
	GlobalSection(SolutionConfigurationPlatforms) = preSolution
		Debug|Any CPU = Debug|Any CPU
		Release|Any CPU = Release|Any CPU
	EndGlobalSection
	GlobalSection(ProjectConfigurationPlatforms) = postSolution
		{AD53FCD4-836C-428D-8722-908CB6B88F9F}.Debug|Any CPU.ActiveCfg = Debug|Any CPU
		{AD53FCD4-836C-428D-8722-908CB6B88F9F}.Debug|Any CPU.Build.0 = Debug|Any CPU
		{AD53FCD4-836C-428D-8722-908CB6B88F9F}.Release|Any CPU.ActiveCfg = Release|Any CPU
		{AD53FCD4-836C-428D-8722-908CB6B88F9F}.Release|Any CPU.Build.0 = Release|Any CPU
	EndGlobalSection
	GlobalSection(SolutionProperties) = preSolution
		HideSolutionNode = FALSE
	EndGlobalSection
	GlobalSection(ExtensibilityGlobals) = postSolution
		SolutionGuid = {F23614D4-8615-4BA9-8D05-F697A0CDB16A}
	EndGlobalSection
EndGlobal
